
Microsoft Visual Studio Solution File, Format Version 12.00
# Visual Studio Version 17
VisualStudioVersion = 17.0.32112.339
MinimumVisualStudioVersion = 10.0.40219.1
Project("{FAE04EC0-301F-11D3-BF4B-00C04F79EFBC}") = "prjRedeNeuralCSCoreNet", "prjRedeNeuralCSCoreNet\prjRedeNeuralCSCoreNet.csproj", "{E89B4169-C156-41D1-95A9-3AAFF5AA136D}"
EndProject
Global
	GlobalSection(SolutionConfigurationPlatforms) = preSolution
		Debug|Any CPU = Debug|Any CPU
		Release|Any CPU = Release|Any CPU
	EndGlobalSection
	GlobalSection(ProjectConfigurationPlatforms) = postSolution
		{E89B4169-C156-41D1-95A9-3AAFF5AA136D}.Debug|Any CPU.ActiveCfg = Debug|Any CPU
		{E89B4169-C156-41D1-95A9-3AAFF5AA136D}.Debug|Any CPU.Build.0 = Debug|Any CPU
		{E89B4169-C156-41D1-95A9-3AAFF5AA136D}.Release|Any CPU.ActiveCfg = Release|Any CPU
		{E89B4169-C156-41D1-95A9-3AAFF5AA136D}.Release|Any CPU.Build.0 = Release|Any CPU
	EndGlobalSection
	GlobalSection(SolutionProperties) = preSolution
		HideSolutionNode = FALSE
	EndGlobalSection
	GlobalSection(ExtensibilityGlobals) = postSolution
		SolutionGuid = {5EDA5B82-C438-441A-B58A-644022DAB594}
	EndGlobalSection
EndGlobal
