
Microsoft Visual Studio Solution File, Format Version 11.00
# Visual Studio 2010
Project("{FAE04EC0-301F-11D3-BF4B-00C04F79EFBC}") = "WebServiceCSNet40", "WebServiceCSNet40\WebServiceCSNet40.csproj", "{92EC65F7-8CE9-4093-BA3D-EABCFB4F0B45}"
EndProject
Global
	GlobalSection(SolutionConfigurationPlatforms) = preSolution
		Debug|Any CPU = Debug|Any CPU
		Release|Any CPU = Release|Any CPU
	EndGlobalSection
	GlobalSection(ProjectConfigurationPlatforms) = postSolution
		{92EC65F7-8CE9-4093-BA3D-EABCFB4F0B45}.Debug|Any CPU.ActiveCfg = Debug|Any CPU
		{92EC65F7-8CE9-4093-BA3D-EABCFB4F0B45}.Debug|Any CPU.Build.0 = Debug|Any CPU
		{92EC65F7-8CE9-4093-BA3D-EABCFB4F0B45}.Release|Any CPU.ActiveCfg = Release|Any CPU
		{92EC65F7-8CE9-4093-BA3D-EABCFB4F0B45}.Release|Any CPU.Build.0 = Release|Any CPU
	EndGlobalSection
	GlobalSection(SolutionProperties) = preSolution
		HideSolutionNode = FALSE
	EndGlobalSection
EndGlobal
