
Microsoft Visual Studio Solution File, Format Version 12.00
# Visual Studio Version 17
VisualStudioVersion = 17.0.32112.339
MinimumVisualStudioVersion = 10.0.40219.1
Project("{FAE04EC0-301F-11D3-BF4B-00C04F79EFBC}") = "prjConsolePDFOCRCSNet480", "prjConsolePDFOCRCSNet480\prjConsolePDFOCRCSNet480.csproj", "{F29816FC-66EE-4ABE-BB44-3F0C8BE47BA3}"
EndProject
Global
	GlobalSection(SolutionConfigurationPlatforms) = preSolution
		Debug|Any CPU = Debug|Any CPU
		Debug|x64 = Debug|x64
		Debug|x86 = Debug|x86
		Release|Any CPU = Release|Any CPU
		Release|x64 = Release|x64
		Release|x86 = Release|x86
	EndGlobalSection
	GlobalSection(ProjectConfigurationPlatforms) = postSolution
		{F29816FC-66EE-4ABE-BB44-3F0C8BE47BA3}.Debug|Any CPU.ActiveCfg = Debug|Any CPU
		{F29816FC-66EE-4ABE-BB44-3F0C8BE47BA3}.Debug|Any CPU.Build.0 = Debug|Any CPU
		{F29816FC-66EE-4ABE-BB44-3F0C8BE47BA3}.Debug|x64.ActiveCfg = Debug x86|x64
		{F29816FC-66EE-4ABE-BB44-3F0C8BE47BA3}.Debug|x64.Build.0 = Debug x86|x64
		{F29816FC-66EE-4ABE-BB44-3F0C8BE47BA3}.Debug|x86.ActiveCfg = Debug|x86
		{F29816FC-66EE-4ABE-BB44-3F0C8BE47BA3}.Debug|x86.Build.0 = Debug|x86
		{F29816FC-66EE-4ABE-BB44-3F0C8BE47BA3}.Release|Any CPU.ActiveCfg = Release|Any CPU
		{F29816FC-66EE-4ABE-BB44-3F0C8BE47BA3}.Release|Any CPU.Build.0 = Release|Any CPU
		{F29816FC-66EE-4ABE-BB44-3F0C8BE47BA3}.Release|x64.ActiveCfg = Release|x64
		{F29816FC-66EE-4ABE-BB44-3F0C8BE47BA3}.Release|x64.Build.0 = Release|x64
		{F29816FC-66EE-4ABE-BB44-3F0C8BE47BA3}.Release|x86.ActiveCfg = Release|x86
		{F29816FC-66EE-4ABE-BB44-3F0C8BE47BA3}.Release|x86.Build.0 = Release|x86
	EndGlobalSection
	GlobalSection(SolutionProperties) = preSolution
		HideSolutionNode = FALSE
	EndGlobalSection
	GlobalSection(ExtensibilityGlobals) = postSolution
		SolutionGuid = {0BC6C96B-6718-41B3-A2EE-C32B2594D89A}
	EndGlobalSection
EndGlobal
