
Microsoft Visual Studio Solution File, Format Version 10.00
# Visual Studio 2008
Project("{FAE04EC0-301F-11D3-BF4B-00C04F79EFBC}") = "prjInspecaoCSNet35", "prjInspecaoCSNet35\prjInspecaoCSNet35.csproj", "{20CB3488-3E35-45AF-B2DF-2137F5323C55}"
EndProject
Global
	GlobalSection(SolutionConfigurationPlatforms) = preSolution
		Debug|Any CPU = Debug|Any CPU
		Release|Any CPU = Release|Any CPU
	EndGlobalSection
	GlobalSection(ProjectConfigurationPlatforms) = postSolution
		{20CB3488-3E35-45AF-B2DF-2137F5323C55}.Debug|Any CPU.ActiveCfg = Debug|Any CPU
		{20CB3488-3E35-45AF-B2DF-2137F5323C55}.Debug|Any CPU.Build.0 = Debug|Any CPU
		{20CB3488-3E35-45AF-B2DF-2137F5323C55}.Debug|Any CPU.Deploy.0 = Debug|Any CPU
		{20CB3488-3E35-45AF-B2DF-2137F5323C55}.Release|Any CPU.ActiveCfg = Release|Any CPU
		{20CB3488-3E35-45AF-B2DF-2137F5323C55}.Release|Any CPU.Build.0 = Release|Any CPU
		{20CB3488-3E35-45AF-B2DF-2137F5323C55}.Release|Any CPU.Deploy.0 = Release|Any CPU
	EndGlobalSection
	GlobalSection(SolutionProperties) = preSolution
		HideSolutionNode = FALSE
	EndGlobalSection
EndGlobal
